
Microsoft Visual Studio Solution File, Format Version 12.00
Project("{FAE04EC0-301F-11D3-BF4B-00C04F79EFBC}") = "TreechChatLinkCreator", "TreechChatLinkCreator.csproj", "{49FC8D08-381E-400E-9E5B-12D47112FC95}"
EndProject
Project("{2150E333-8FDC-42A3-9474-1A3956D46DE8}") = "Solution Items", "Solution Items", "{8A7DCDD4-2D8E-4276-AE35-7B2E17364DDE}"
	ProjectSection(SolutionItems) = preProject
		docker-compose.yml = docker-compose.yml
	EndProjectSection
EndProject
Global
	GlobalSection(SolutionConfigurationPlatforms) = preSolution
		Debug|Any CPU = Debug|Any CPU
		Release|Any CPU = Release|Any CPU
	EndGlobalSection
	GlobalSection(ProjectConfigurationPlatforms) = postSolution
		{49FC8D08-381E-400E-9E5B-12D47112FC95}.Debug|Any CPU.ActiveCfg = Debug|Any CPU
		{49FC8D08-381E-400E-9E5B-12D47112FC95}.Debug|Any CPU.Build.0 = Debug|Any CPU
		{49FC8D08-381E-400E-9E5B-12D47112FC95}.Release|Any CPU.ActiveCfg = Release|Any CPU
		{49FC8D08-381E-400E-9E5B-12D47112FC95}.Release|Any CPU.Build.0 = Release|Any CPU
	EndGlobalSection
EndGlobal
